
Microsoft Visual Studio Solution File, Format Version 12.00
# Visual Studio Version 17
VisualStudioVersion = 17.8.34525.116
MinimumVisualStudioVersion = 10.0.40219.1
Project("{FAE04EC0-301F-11D3-BF4B-00C04F79EFBC}") = "zad 2. 21.02", "zad 2. 21.02.csproj", "{95E28D58-E044-494A-A410-C88461D75E0A}"
EndProject
Global
	GlobalSection(SolutionConfigurationPlatforms) = preSolution
		Debug|Any CPU = Debug|Any CPU
		Release|Any CPU = Release|Any CPU
	EndGlobalSection
	GlobalSection(ProjectConfigurationPlatforms) = postSolution
		{95E28D58-E044-494A-A410-C88461D75E0A}.Debug|Any CPU.ActiveCfg = Debug|Any CPU
		{95E28D58-E044-494A-A410-C88461D75E0A}.Debug|Any CPU.Build.0 = Debug|Any CPU
		{95E28D58-E044-494A-A410-C88461D75E0A}.Release|Any CPU.ActiveCfg = Release|Any CPU
		{95E28D58-E044-494A-A410-C88461D75E0A}.Release|Any CPU.Build.0 = Release|Any CPU
	EndGlobalSection
	GlobalSection(SolutionProperties) = preSolution
		HideSolutionNode = FALSE
	EndGlobalSection
	GlobalSection(ExtensibilityGlobals) = postSolution
		SolutionGuid = {C76D1394-F840-497D-B575-CE4060BEA138}
	EndGlobalSection
EndGlobal
