
Microsoft Visual Studio Solution File, Format Version 12.00
# Visual Studio Version 17
VisualStudioVersion = 17.8.34525.116
MinimumVisualStudioVersion = 10.0.40219.1
Project("{FAE04EC0-301F-11D3-BF4B-00C04F79EFBC}") = "21.02.2024", "21.02.2024.csproj", "{75D0B8FD-BAFA-450D-BE6A-3A7E350C23D3}"
EndProject
Global
	GlobalSection(SolutionConfigurationPlatforms) = preSolution
		Debug|Any CPU = Debug|Any CPU
		Release|Any CPU = Release|Any CPU
	EndGlobalSection
	GlobalSection(ProjectConfigurationPlatforms) = postSolution
		{75D0B8FD-BAFA-450D-BE6A-3A7E350C23D3}.Debug|Any CPU.ActiveCfg = Debug|Any CPU
		{75D0B8FD-BAFA-450D-BE6A-3A7E350C23D3}.Debug|Any CPU.Build.0 = Debug|Any CPU
		{75D0B8FD-BAFA-450D-BE6A-3A7E350C23D3}.Release|Any CPU.ActiveCfg = Release|Any CPU
		{75D0B8FD-BAFA-450D-BE6A-3A7E350C23D3}.Release|Any CPU.Build.0 = Release|Any CPU
	EndGlobalSection
	GlobalSection(SolutionProperties) = preSolution
		HideSolutionNode = FALSE
	EndGlobalSection
	GlobalSection(ExtensibilityGlobals) = postSolution
		SolutionGuid = {6519A456-0408-45D7-BB11-6E53BAF32DB7}
	EndGlobalSection
EndGlobal
