
Microsoft Visual Studio Solution File, Format Version 12.00
# Visual Studio Version 17
VisualStudioVersion = 17.9.34622.214
MinimumVisualStudioVersion = 10.0.40219.1
Project("{FAE04EC0-301F-11D3-BF4B-00C04F79EFBC}") = "08.03.2024", "08.03.2024.csproj", "{9990EB48-8143-47AF-8B24-1E70E273406E}"
EndProject
Project("{FAE04EC0-301F-11D3-BF4B-00C04F79EFBC}") = "08.03.24 zad 2", "..\08.03.24 zad 2\08.03.24 zad 2.csproj", "{070E3037-06A1-47D6-8196-376878BC3246}"
EndProject
Project("{FAE04EC0-301F-11D3-BF4B-00C04F79EFBC}") = "08.03.2024 zad 3", "..\08.03.2024 zad 3\08.03.2024 zad 3.csproj", "{7D024ED4-0309-426E-9A3D-E63C530C6D77}"
EndProject
Global
	GlobalSection(SolutionConfigurationPlatforms) = preSolution
		Debug|Any CPU = Debug|Any CPU
		Release|Any CPU = Release|Any CPU
	EndGlobalSection
	GlobalSection(ProjectConfigurationPlatforms) = postSolution
		{9990EB48-8143-47AF-8B24-1E70E273406E}.Debug|Any CPU.ActiveCfg = Debug|Any CPU
		{9990EB48-8143-47AF-8B24-1E70E273406E}.Debug|Any CPU.Build.0 = Debug|Any CPU
		{9990EB48-8143-47AF-8B24-1E70E273406E}.Release|Any CPU.ActiveCfg = Release|Any CPU
		{9990EB48-8143-47AF-8B24-1E70E273406E}.Release|Any CPU.Build.0 = Release|Any CPU
		{070E3037-06A1-47D6-8196-376878BC3246}.Debug|Any CPU.ActiveCfg = Debug|Any CPU
		{070E3037-06A1-47D6-8196-376878BC3246}.Debug|Any CPU.Build.0 = Debug|Any CPU
		{070E3037-06A1-47D6-8196-376878BC3246}.Release|Any CPU.ActiveCfg = Release|Any CPU
		{070E3037-06A1-47D6-8196-376878BC3246}.Release|Any CPU.Build.0 = Release|Any CPU
		{7D024ED4-0309-426E-9A3D-E63C530C6D77}.Debug|Any CPU.ActiveCfg = Debug|Any CPU
		{7D024ED4-0309-426E-9A3D-E63C530C6D77}.Debug|Any CPU.Build.0 = Debug|Any CPU
		{7D024ED4-0309-426E-9A3D-E63C530C6D77}.Release|Any CPU.ActiveCfg = Release|Any CPU
		{7D024ED4-0309-426E-9A3D-E63C530C6D77}.Release|Any CPU.Build.0 = Release|Any CPU
	EndGlobalSection
	GlobalSection(SolutionProperties) = preSolution
		HideSolutionNode = FALSE
	EndGlobalSection
	GlobalSection(ExtensibilityGlobals) = postSolution
		SolutionGuid = {5E8EAFDA-E5D1-4A76-ABBB-6651EEE11A7F}
	EndGlobalSection
EndGlobal
